
Microsoft Visual Studio Solution File, Format Version 12.00
# Visual Studio Version 17
VisualStudioVersion = 17.2.32630.192
MinimumVisualStudioVersion = 10.0.40219.1
Project("{FAE04EC0-301F-11D3-BF4B-00C04F79EFBC}") = "BookingWebApp", "BookingWebApp\BookingWebApp.csproj", "{37FD9457-6501-41B9-BDDE-9A2659A93ED0}"
EndProject
Project("{FAE04EC0-301F-11D3-BF4B-00C04F79EFBC}") = "BookingWebApp.BusinessLogic", "BookingWebApp.BusinessLogic\BookingWebApp.BusinessLogic.csproj", "{AF4DCEF8-17F9-4756-8A32-75C65451561A}"
EndProject
Project("{FAE04EC0-301F-11D3-BF4B-00C04F79EFBC}") = "BookingWebApp.DataAccess", "BookingWebApp.DataAccess\BookingWebApp.DataAccess.csproj", "{010F0D5D-9187-49ED-931C-92BCDA32B981}"
EndProject
Global
	GlobalSection(SolutionConfigurationPlatforms) = preSolution
		Debug|Any CPU = Debug|Any CPU
		Release|Any CPU = Release|Any CPU
	EndGlobalSection
	GlobalSection(ProjectConfigurationPlatforms) = postSolution
		{37FD9457-6501-41B9-BDDE-9A2659A93ED0}.Debug|Any CPU.ActiveCfg = Debug|Any CPU
		{37FD9457-6501-41B9-BDDE-9A2659A93ED0}.Debug|Any CPU.Build.0 = Debug|Any CPU
		{37FD9457-6501-41B9-BDDE-9A2659A93ED0}.Release|Any CPU.ActiveCfg = Release|Any CPU
		{37FD9457-6501-41B9-BDDE-9A2659A93ED0}.Release|Any CPU.Build.0 = Release|Any CPU
		{AF4DCEF8-17F9-4756-8A32-75C65451561A}.Debug|Any CPU.ActiveCfg = Debug|Any CPU
		{AF4DCEF8-17F9-4756-8A32-75C65451561A}.Debug|Any CPU.Build.0 = Debug|Any CPU
		{AF4DCEF8-17F9-4756-8A32-75C65451561A}.Release|Any CPU.ActiveCfg = Release|Any CPU
		{AF4DCEF8-17F9-4756-8A32-75C65451561A}.Release|Any CPU.Build.0 = Release|Any CPU
		{010F0D5D-9187-49ED-931C-92BCDA32B981}.Debug|Any CPU.ActiveCfg = Debug|Any CPU
		{010F0D5D-9187-49ED-931C-92BCDA32B981}.Debug|Any CPU.Build.0 = Debug|Any CPU
		{010F0D5D-9187-49ED-931C-92BCDA32B981}.Release|Any CPU.ActiveCfg = Release|Any CPU
		{010F0D5D-9187-49ED-931C-92BCDA32B981}.Release|Any CPU.Build.0 = Release|Any CPU
	EndGlobalSection
	GlobalSection(SolutionProperties) = preSolution
		HideSolutionNode = FALSE
	EndGlobalSection
	GlobalSection(ExtensibilityGlobals) = postSolution
		SolutionGuid = {C1166DA2-F965-4FF7-ACA0-9CC66F79A0C8}
	EndGlobalSection
EndGlobal
